<?xml version="1.0" encoding="utf-8"?>
<Project ToolsVersion="4.0" xmlns="http://schemas.microsoft.com/developer/msbuild/2003">
  <ItemGroup>
    <ClCompile Include="OpenGL-Configuration\glad.c" />
    <ClCompile Include="Camera.cpp">
      <Filter>Source-Files</Filter>
    </ClCompile>
    <ClCompile Include="FileManager.cpp">
      <Filter>Source-Files</Filter>
    </ClCompile>
    <ClCompile Include="Light.cpp">
      <Filter>Source-Files</Filter>
    </ClCompile>
    <ClCompile Include="main.cpp">
      <Filter>Source-Files</Filter>
    </ClCompile>
    <ClCompile Include="Object.cpp">
      <Filter>Source-Files</Filter>
    </ClCompile>
    <ClCompile Include="Scene.cpp">
      <Filter>Source-Files</Filter>
    </ClCompile>
    <ClCompile Include="Transform.cpp">
      <Filter>Source-Files</Filter>
    </ClCompile>
  </ItemGroup>
  <ItemGroup>
    <ClInclude Include="Camera.h">
      <Filter>Header-Files</Filter>
    </ClInclude>
    <ClInclude Include="FileManager.h">
      <Filter>Header-Files</Filter>
    </ClInclude>
    <ClInclude Include="Light.h">
      <Filter>Header-Files</Filter>
    </ClInclude>
    <ClInclude Include="Object.h">
      <Filter>Header-Files</Filter>
    </ClInclude>
    <ClInclude Include="Scene.h">
      <Filter>Header-Files</Filter>
    </ClInclude>
    <ClInclude Include="Transform.h">
      <Filter>Header-Files</Filter>
    </ClInclude>
  </ItemGroup>
  <ItemGroup>
    <None Include="scene-info\scene4-ambient.test">
      <Filter>Resource</Filter>
    </None>
    <None Include="scene-info\scene4-diffuse.test">
      <Filter>Resource</Filter>
    </None>
    <None Include="scene-info\scene4-emission.test">
      <Filter>Resource</Filter>
    </None>
    <None Include="scene-info\scene4-specular.test">
      <Filter>Resource</Filter>
    </None>
    <None Include="scene-info\scene5.test">
      <Filter>Resource</Filter>
    </None>
    <None Include="scene-info\scene6.test">
      <Filter>Resource</Filter>
    </None>
    <None Include="scene-info\scene7.test">
      <Filter>Resource</Filter>
    </None>
  </ItemGroup>
  <ItemGroup>
    <Filter Include="Header-Files">
      <UniqueIdentifier>{f620ad2e-f4d1-4143-a78d-6b0c0c706562}</UniqueIdentifier>
    </Filter>
    <Filter Include="Source-Files">
      <UniqueIdentifier>{6b0d96c0-c5cd-4241-ba38-587d4e871c57}</UniqueIdentifier>
    </Filter>
    <Filter Include="Resource">
      <UniqueIdentifier>{5d29fd3d-d52d-4b42-830a-b507ca10b82b}</UniqueIdentifier>
    </Filter>
  </ItemGroup>
</Project>